
Microsoft Visual Studio Solution File, Format Version 12.00
# Visual Studio 15
VisualStudioVersion = 15.0.28307.705
MinimumVisualStudioVersion = 10.0.40219.1
Project("{888888A0-9F3D-457C-B088-3A5042F75D52}") = "HeatMap", "HeatMap\HeatMap.pyproj", "{E0D30212-9ECE-4E6F-9DF6-271C80970F22}"
EndProject
Global
	GlobalSection(SolutionConfigurationPlatforms) = preSolution
		Debug|Any CPU = Debug|Any CPU
		Release|Any CPU = Release|Any CPU
	EndGlobalSection
	GlobalSection(ProjectConfigurationPlatforms) = postSolution
		{E0D30212-9ECE-4E6F-9DF6-271C80970F22}.Debug|Any CPU.ActiveCfg = Debug|Any CPU
		{E0D30212-9ECE-4E6F-9DF6-271C80970F22}.Release|Any CPU.ActiveCfg = Release|Any CPU
	EndGlobalSection
	GlobalSection(SolutionProperties) = preSolution
		HideSolutionNode = FALSE
	EndGlobalSection
	GlobalSection(ExtensibilityGlobals) = postSolution
		SolutionGuid = {0D3954DE-9C66-473E-8E73-F8B3FB912231}
	EndGlobalSection
EndGlobal
